{
  "version": 4,
  "terraform_version": "1.11.4",
  "serial": 79,
  "lineage": "61081a14-15b4-89bb-52fc-a7ac9f98c953",
  "outputs": {
    "airflow_instance_external_ip": {
      "value": "34.171.226.23",
      "type": "string"
    },
    "airflow_instance_name": {
      "value": "airflow-server",
      "type": "string"
    },
    "bigquery_dataset_name": {
      "value": "weather_data",
      "type": "string"
    },
    "data_lake_bucket_name": {
      "value": "hip-arcadia-457800-b6_data_lake",
      "type": "string"
    }
  },
  "resources": [
    {
      "mode": "managed",
      "type": "google_bigquery_dataset",
      "name": "dataset",
      "provider": "provider[\"registry.terraform.io/hashicorp/google\"]",
      "instances": [
        {
          "schema_version": 0,
          "attributes": {
            "access": [
              {
                "condition": [],
                "dataset": [],
                "domain": "",
                "group_by_email": "",
                "iam_member": "",
                "role": "OWNER",
                "routine": [],
                "special_group": "",
                "user_by_email": "myechophone@gmail.com",
                "view": []
              },
              {
                "condition": [],
                "dataset": [],
                "domain": "",
                "group_by_email": "",
                "iam_member": "",
                "role": "OWNER",
                "routine": [],
                "special_group": "projectOwners",
                "user_by_email": "",
                "view": []
              },
              {
                "condition": [],
                "dataset": [],
                "domain": "",
                "group_by_email": "",
                "iam_member": "",
                "role": "READER",
                "routine": [],
                "special_group": "projectReaders",
                "user_by_email": "",
                "view": []
              },
              {
                "condition": [],
                "dataset": [],
                "domain": "",
                "group_by_email": "",
                "iam_member": "",
                "role": "WRITER",
                "routine": [],
                "special_group": "projectWriters",
                "user_by_email": "",
                "view": []
              }
            ],
            "creation_time": 1745733588624,
            "dataset_id": "weather_data",
            "default_collation": "",
            "default_encryption_configuration": [],
            "default_partition_expiration_ms": 0,
            "default_table_expiration_ms": 0,
            "delete_contents_on_destroy": true,
            "description": "",
            "effective_labels": {
              "goog-terraform-provisioned": "true"
            },
            "etag": "DYWiDldt8RIpGSL033g/zA==",
            "external_catalog_dataset_options": [],
            "external_dataset_reference": [],
            "friendly_name": "",
            "id": "projects/hip-arcadia-457800-b6/datasets/weather_data",
            "is_case_insensitive": false,
            "labels": null,
            "last_modified_time": 1745733588624,
            "location": "us-central1",
            "max_time_travel_hours": "168",
            "project": "hip-arcadia-457800-b6",
            "resource_tags": null,
            "self_link": "https://bigquery.googleapis.com/bigquery/v2/projects/hip-arcadia-457800-b6/datasets/weather_data",
            "storage_billing_model": "",
            "terraform_labels": {
              "goog-terraform-provisioned": "true"
            },
            "timeouts": null
          },
          "sensitive_attributes": [],
          "private": "eyJlMmJmYjczMC1lY2FhLTExZTYtOGY4OC0zNDM2M2JjN2M0YzAiOnsiY3JlYXRlIjoxMjAwMDAwMDAwMDAwLCJkZWxldGUiOjEyMDAwMDAwMDAwMDAsInVwZGF0ZSI6MTIwMDAwMDAwMDAwMH19"
        }
      ]
    },
    {
      "mode": "managed",
      "type": "google_compute_instance",
      "name": "airflow_instance",
      "provider": "provider[\"registry.terraform.io/hashicorp/google\"]",
      "instances": [
        {
          "schema_version": 6,
          "attributes": {
            "advanced_machine_features": [],
            "allow_stopping_for_update": null,
            "attached_disk": [],
            "boot_disk": [
              {
                "auto_delete": true,
                "device_name": "persistent-disk-0",
                "disk_encryption_key_raw": "",
                "disk_encryption_key_rsa": "",
                "disk_encryption_key_sha256": "",
                "disk_encryption_service_account": "",
                "guest_os_features": [
                  "UEFI_COMPATIBLE",
                  "VIRTIO_SCSI_MULTIQUEUE",
                  "GVNIC"
                ],
                "initialize_params": [
                  {
                    "architecture": "X86_64",
                    "enable_confidential_compute": false,
                    "image": "https://www.googleapis.com/compute/v1/projects/debian-cloud/global/images/debian-11-bullseye-v20250415",
                    "labels": {},
                    "provisioned_iops": 0,
                    "provisioned_throughput": 0,
                    "resource_manager_tags": null,
                    "resource_policies": [],
                    "size": 50,
                    "snapshot": "",
                    "source_image_encryption_key": [],
                    "source_snapshot_encryption_key": [],
                    "storage_pool": "",
                    "type": "pd-standard"
                  }
                ],
                "interface": "",
                "kms_key_self_link": "",
                "mode": "READ_WRITE",
                "source": "https://www.googleapis.com/compute/v1/projects/hip-arcadia-457800-b6/zones/us-central1-a/disks/airflow-server"
              }
            ],
            "can_ip_forward": false,
            "confidential_instance_config": [],
            "cpu_platform": "Intel Broadwell",
            "creation_timestamp": "2025-04-26T23:00:02.060-07:00",
            "current_status": "RUNNING",
            "deletion_protection": false,
            "description": "",
            "desired_status": null,
            "effective_labels": {
              "goog-terraform-provisioned": "true"
            },
            "enable_display": false,
            "guest_accelerator": [],
            "hostname": "",
            "id": "projects/hip-arcadia-457800-b6/zones/us-central1-a/instances/airflow-server",
            "instance_encryption_key": [],
            "instance_id": "4096806548932688142",
            "key_revocation_action_type": "",
            "label_fingerprint": "vezUS-42LLM=",
            "labels": null,
            "machine_type": "e2-standard-4",
            "metadata": null,
            "metadata_fingerprint": "v1zgwMMmdl4=",
            "metadata_startup_script": "#!/bin/bash\n\n# Update and install dependencies\napt-get update\napt-get install -y docker.io docker-compose git\n\n# Enable and start Docker\nsystemctl enable docker\nsystemctl start docker\n\n# Add current user to Docker group\nusermod -aG docker $(whoami)\n\n# Create airflow directory\nmkdir -p /opt/airflow\ncd /opt/airflow\n\n# Create directories for Airflow with proper permissions\nmkdir -p /opt/airflow/dags\nmkdir -p /opt/airflow/logs\nmkdir -p /opt/airflow/plugins\n\n# Set proper permissions\nchmod -R 777 /opt/airflow/logs\nchmod -R 777 /opt/airflow/dags\nchmod -R 777 /opt/airflow/plugins\n\n# Create Docker Compose file for Airflow\ncat \u003e docker-compose.yml \u003c\u003cEOL\nversion: '3'\nservices:\n  postgres:\n    image: postgres:13\n    environment:\n      - POSTGRES_USER=airflow\n      - POSTGRES_PASSWORD=airflow\n      - POSTGRES_DB=airflow\n    volumes:\n      - postgres-db-volume:/var/lib/postgresql/data\n    healthcheck:\n      test: [\"CMD\", \"pg_isready\", \"-U\", \"airflow\"]\n      interval: 5s\n      retries: 5\n    restart: always\n\n  airflow-webserver:\n    image: apache/airflow:2.7.1\n    depends_on:\n      - postgres\n      - airflow-init\n    environment:\n      - AIRFLOW__CORE__EXECUTOR=LocalExecutor\n      - AIRFLOW__DATABASE__SQL_ALCHEMY_CONN=postgresql+psycopg2://airflow:airflow@postgres/airflow\n      - AIRFLOW__CORE__FERNET_KEY=''\n      - AIRFLOW__CORE__DAGS_ARE_PAUSED_AT_CREATION=true\n      - AIRFLOW__CORE__LOAD_EXAMPLES=false\n      - AIRFLOW__API__AUTH_BACKENDS=airflow.api.auth.backend.basic_auth,airflow.api.auth.backend.session\n      - AIRFLOW__WEBSERVER__WEB_SERVER_HOST=0.0.0.0\n    volumes:\n      - ./dags:/opt/airflow/dags\n      - ./logs:/opt/airflow/logs\n      - ./plugins:/opt/airflow/plugins\n    ports:\n      - \"8080:8080\"\n    command: webserver\n    healthcheck:\n      test: [\"CMD\", \"curl\", \"--fail\", \"http://localhost:8080/health\"]\n      interval: 10s\n      timeout: 10s\n      retries: 5\n    restart: always\n\n  airflow-scheduler:\n    image: apache/airflow:2.7.1\n    depends_on:\n      - postgres\n      - airflow-init\n    environment:\n      - AIRFLOW__CORE__EXECUTOR=LocalExecutor\n      - AIRFLOW__DATABASE__SQL_ALCHEMY_CONN=postgresql+psycopg2://airflow:airflow@postgres/airflow\n      - AIRFLOW__CORE__FERNET_KEY=''\n      - AIRFLOW__CORE__DAGS_ARE_PAUSED_AT_CREATION=true\n      - AIRFLOW__CORE__LOAD_EXAMPLES=false\n      - AIRFLOW__API__AUTH_BACKENDS=airflow.api.auth.backend.basic_auth,airflow.api.auth.backend.session\n    volumes:\n      - ./dags:/opt/airflow/dags\n      - ./logs:/opt/airflow/logs\n      - ./plugins:/opt/airflow/plugins\n    command: scheduler\n    restart: always\n\n  airflow-init:\n    image: apache/airflow:2.7.1\n    depends_on:\n      - postgres\n    environment:\n      - AIRFLOW__CORE__EXECUTOR=LocalExecutor\n      - AIRFLOW__DATABASE__SQL_ALCHEMY_CONN=postgresql+psycopg2://airflow:airflow@postgres/airflow\n      - AIRFLOW__CORE__FERNET_KEY=''\n      - AIRFLOW__CORE__LOAD_EXAMPLES=false\n      - AIRFLOW__API__AUTH_BACKENDS=airflow.api.auth.backend.basic_auth,airflow.api.auth.backend.session\n    volumes:\n      - ./dags:/opt/airflow/dags\n      - ./logs:/opt/airflow/logs\n      - ./plugins:/opt/airflow/plugins\n    entrypoint: /bin/bash\n    command: -c \"airflow db init \u0026\u0026 airflow users create --username admin --password admin --firstname Admin --lastname User --role Admin --email admin@example.com\"\n\nvolumes:\n  postgres-db-volume:\nEOL\n\n# Start Airflow using Docker Compose\ncd /opt/airflow\ndocker-compose up -d\n\necho \"Airflow setup complete. You can access the Airflow UI at http://[EXTERNAL_IP]:8080\"\necho \"To verify containers are running: docker ps\"",
            "min_cpu_platform": "",
            "name": "airflow-server",
            "network_interface": [
              {
                "access_config": [
                  {
                    "nat_ip": "34.171.226.23",
                    "network_tier": "PREMIUM",
                    "public_ptr_domain_name": ""
                  }
                ],
                "alias_ip_range": [],
                "internal_ipv6_prefix_length": 0,
                "ipv6_access_config": [],
                "ipv6_access_type": "",
                "ipv6_address": "",
                "name": "nic0",
                "network": "https://www.googleapis.com/compute/v1/projects/hip-arcadia-457800-b6/global/networks/default",
                "network_attachment": "",
                "network_ip": "10.128.0.7",
                "nic_type": "",
                "queue_count": 0,
                "stack_type": "IPV4_ONLY",
                "subnetwork": "https://www.googleapis.com/compute/v1/projects/hip-arcadia-457800-b6/regions/us-central1/subnetworks/default",
                "subnetwork_project": "hip-arcadia-457800-b6"
              }
            ],
            "network_performance_config": [],
            "params": [],
            "project": "hip-arcadia-457800-b6",
            "reservation_affinity": [],
            "resource_policies": null,
            "scheduling": [
              {
                "automatic_restart": true,
                "availability_domain": 0,
                "instance_termination_action": "",
                "local_ssd_recovery_timeout": [],
                "max_run_duration": [],
                "min_node_cpus": 0,
                "node_affinities": [],
                "on_host_maintenance": "MIGRATE",
                "on_instance_stop_action": [],
                "preemptible": false,
                "provisioning_model": "STANDARD",
                "termination_time": ""
              }
            ],
            "scratch_disk": [],
            "self_link": "https://www.googleapis.com/compute/v1/projects/hip-arcadia-457800-b6/zones/us-central1-a/instances/airflow-server",
            "service_account": [
              {
                "email": "airflow-service-account@hip-arcadia-457800-b6.iam.gserviceaccount.com",
                "scopes": [
                  "https://www.googleapis.com/auth/cloud-platform"
                ]
              }
            ],
            "shielded_instance_config": [
              {
                "enable_integrity_monitoring": true,
                "enable_secure_boot": false,
                "enable_vtpm": true
              }
            ],
            "tags": null,
            "tags_fingerprint": "42WmSpB8rSM=",
            "terraform_labels": {
              "goog-terraform-provisioned": "true"
            },
            "timeouts": null,
            "zone": "us-central1-a"
          },
          "sensitive_attributes": [
            [
              {
                "type": "get_attr",
                "value": "boot_disk"
              },
              {
                "type": "index",
                "value": {
                  "value": 0,
                  "type": "number"
                }
              },
              {
                "type": "get_attr",
                "value": "disk_encryption_key_rsa"
              }
            ],
            [
              {
                "type": "get_attr",
                "value": "boot_disk"
              },
              {
                "type": "index",
                "value": {
                  "value": 0,
                  "type": "number"
                }
              },
              {
                "type": "get_attr",
                "value": "disk_encryption_key_raw"
              }
            ]
          ],
          "private": "eyJlMmJmYjczMC1lY2FhLTExZTYtOGY4OC0zNDM2M2JjN2M0YzAiOnsiY3JlYXRlIjoxMjAwMDAwMDAwMDAwLCJkZWxldGUiOjEyMDAwMDAwMDAwMDAsInVwZGF0ZSI6MTIwMDAwMDAwMDAwMH0sInNjaGVtYV92ZXJzaW9uIjoiNiJ9",
          "dependencies": [
            "google_service_account.airflow_service_account"
          ]
        }
      ]
    },
    {
      "mode": "managed",
      "type": "google_project_iam_binding",
      "name": "bigquery_admin_binding",
      "provider": "provider[\"registry.terraform.io/hashicorp/google\"]",
      "instances": [
        {
          "schema_version": 0,
          "attributes": {
            "condition": [],
            "etag": "BwYzvEdP5Jo=",
            "id": "hip-arcadia-457800-b6/roles/bigquery.admin",
            "members": [
              "serviceAccount:airflow-service-account@hip-arcadia-457800-b6.iam.gserviceaccount.com"
            ],
            "project": "hip-arcadia-457800-b6",
            "role": "roles/bigquery.admin"
          },
          "sensitive_attributes": [],
          "private": "bnVsbA==",
          "dependencies": [
            "google_service_account.airflow_service_account"
          ]
        }
      ]
    },
    {
      "mode": "managed",
      "type": "google_project_iam_binding",
      "name": "storage_admin_binding",
      "provider": "provider[\"registry.terraform.io/hashicorp/google\"]",
      "instances": [
        {
          "schema_version": 0,
          "attributes": {
            "condition": [],
            "etag": "BwYzvEdP5Jo=",
            "id": "hip-arcadia-457800-b6/roles/storage.admin",
            "members": [
              "serviceAccount:airflow-service-account@hip-arcadia-457800-b6.iam.gserviceaccount.com"
            ],
            "project": "hip-arcadia-457800-b6",
            "role": "roles/storage.admin"
          },
          "sensitive_attributes": [],
          "private": "bnVsbA==",
          "dependencies": [
            "google_service_account.airflow_service_account"
          ]
        }
      ]
    },
    {
      "mode": "managed",
      "type": "google_service_account",
      "name": "airflow_service_account",
      "provider": "provider[\"registry.terraform.io/hashicorp/google\"]",
      "instances": [
        {
          "schema_version": 0,
          "attributes": {
            "account_id": "airflow-service-account",
            "create_ignore_already_exists": null,
            "description": "",
            "disabled": false,
            "display_name": "Airflow Service Account",
            "email": "airflow-service-account@hip-arcadia-457800-b6.iam.gserviceaccount.com",
            "id": "projects/hip-arcadia-457800-b6/serviceAccounts/airflow-service-account@hip-arcadia-457800-b6.iam.gserviceaccount.com",
            "member": "serviceAccount:airflow-service-account@hip-arcadia-457800-b6.iam.gserviceaccount.com",
            "name": "projects/hip-arcadia-457800-b6/serviceAccounts/airflow-service-account@hip-arcadia-457800-b6.iam.gserviceaccount.com",
            "project": "hip-arcadia-457800-b6",
            "timeouts": null,
            "unique_id": "116952467476526728125"
          },
          "sensitive_attributes": [],
          "private": "eyJlMmJmYjczMC1lY2FhLTExZTYtOGY4OC0zNDM2M2JjN2M0YzAiOnsiY3JlYXRlIjozMDAwMDAwMDAwMDB9fQ=="
        }
      ]
    },
    {
      "mode": "managed",
      "type": "google_storage_bucket",
      "name": "data_lake_bucket",
      "provider": "provider[\"registry.terraform.io/hashicorp/google\"]",
      "instances": [
        {
          "schema_version": 3,
          "attributes": {
            "autoclass": [],
            "cors": [],
            "custom_placement_config": [],
            "default_event_based_hold": false,
            "effective_labels": {
              "goog-terraform-provisioned": "true"
            },
            "enable_object_retention": false,
            "encryption": [],
            "force_destroy": false,
            "hierarchical_namespace": [
              {
                "enabled": false
              }
            ],
            "id": "hip-arcadia-457800-b6_data_lake",
            "labels": null,
            "lifecycle_rule": [
              {
                "action": [
                  {
                    "storage_class": "",
                    "type": "Delete"
                  }
                ],
                "condition": [
                  {
                    "age": 30,
                    "created_before": "",
                    "custom_time_before": "",
                    "days_since_custom_time": 0,
                    "days_since_noncurrent_time": 0,
                    "matches_prefix": [],
                    "matches_storage_class": [],
                    "matches_suffix": [],
                    "noncurrent_time_before": "",
                    "num_newer_versions": 0,
                    "send_age_if_zero": false,
                    "send_days_since_custom_time_if_zero": false,
                    "send_days_since_noncurrent_time_if_zero": false,
                    "send_num_newer_versions_if_zero": false,
                    "with_state": "ANY"
                  }
                ]
              }
            ],
            "location": "US-CENTRAL1",
            "logging": [],
            "name": "hip-arcadia-457800-b6_data_lake",
            "project": "hip-arcadia-457800-b6",
            "project_number": 684050295867,
            "public_access_prevention": "inherited",
            "requester_pays": false,
            "retention_policy": [],
            "rpo": null,
            "self_link": "https://www.googleapis.com/storage/v1/b/hip-arcadia-457800-b6_data_lake",
            "soft_delete_policy": [
              {
                "effective_time": "2025-04-27T05:59:48.920Z",
                "retention_duration_seconds": 604800
              }
            ],
            "storage_class": "STANDARD",
            "terraform_labels": {
              "goog-terraform-provisioned": "true"
            },
            "timeouts": null,
            "uniform_bucket_level_access": true,
            "url": "gs://hip-arcadia-457800-b6_data_lake",
            "versioning": [
              {
                "enabled": true
              }
            ],
            "website": []
          },
          "sensitive_attributes": [],
          "private": "eyJlMmJmYjczMC1lY2FhLTExZTYtOGY4OC0zNDM2M2JjN2M0YzAiOnsiY3JlYXRlIjo2MDAwMDAwMDAwMDAsInJlYWQiOjI0MDAwMDAwMDAwMCwidXBkYXRlIjoyNDAwMDAwMDAwMDB9LCJzY2hlbWFfdmVyc2lvbiI6IjMifQ=="
        }
      ]
    }
  ],
  "check_results": null
}
