{
  "version": 4,
  "terraform_version": "1.11.4",
  "serial": 7,
  "lineage": "61081a14-15b4-89bb-52fc-a7ac9f98c953",
  "outputs": {
    "airflow_instance_name": {
      "value": "airflow-server",
      "type": "string"
    },
    "bigquery_dataset_name": {
      "value": "weather_data",
      "type": "string"
    },
    "data_lake_bucket_name": {
      "value": "hip-arcadia-457800-b6_data_lake",
      "type": "string"
    }
  },
  "resources": [
    {
      "mode": "managed",
      "type": "google_bigquery_dataset",
      "name": "dataset",
      "provider": "provider[\"registry.terraform.io/hashicorp/google\"]",
      "instances": [
        {
          "schema_version": 0,
          "attributes": {
            "access": [
              {
                "condition": [],
                "dataset": [],
                "domain": "",
                "group_by_email": "",
                "iam_member": "",
                "role": "OWNER",
                "routine": [],
                "special_group": "",
                "user_by_email": "myechophone@gmail.com",
                "view": []
              },
              {
                "condition": [],
                "dataset": [],
                "domain": "",
                "group_by_email": "",
                "iam_member": "",
                "role": "OWNER",
                "routine": [],
                "special_group": "projectOwners",
                "user_by_email": "",
                "view": []
              },
              {
                "condition": [],
                "dataset": [],
                "domain": "",
                "group_by_email": "",
                "iam_member": "",
                "role": "READER",
                "routine": [],
                "special_group": "projectReaders",
                "user_by_email": "",
                "view": []
              },
              {
                "condition": [],
                "dataset": [],
                "domain": "",
                "group_by_email": "",
                "iam_member": "",
                "role": "WRITER",
                "routine": [],
                "special_group": "projectWriters",
                "user_by_email": "",
                "view": []
              }
            ],
            "creation_time": 1745725778618,
            "dataset_id": "weather_data",
            "default_collation": "",
            "default_encryption_configuration": [],
            "default_partition_expiration_ms": 0,
            "default_table_expiration_ms": 0,
            "delete_contents_on_destroy": true,
            "description": "",
            "effective_labels": {
              "goog-terraform-provisioned": "true"
            },
            "etag": "PKXqt9BrqkAHmQnjHy4FQg==",
            "external_catalog_dataset_options": [],
            "external_dataset_reference": [],
            "friendly_name": "",
            "id": "projects/hip-arcadia-457800-b6/datasets/weather_data",
            "is_case_insensitive": false,
            "labels": null,
            "last_modified_time": 1745725778618,
            "location": "us-central1",
            "max_time_travel_hours": "168",
            "project": "hip-arcadia-457800-b6",
            "resource_tags": null,
            "self_link": "https://bigquery.googleapis.com/bigquery/v2/projects/hip-arcadia-457800-b6/datasets/weather_data",
            "storage_billing_model": "",
            "terraform_labels": {
              "goog-terraform-provisioned": "true"
            },
            "timeouts": null
          },
          "sensitive_attributes": [],
          "private": "eyJlMmJmYjczMC1lY2FhLTExZTYtOGY4OC0zNDM2M2JjN2M0YzAiOnsiY3JlYXRlIjoxMjAwMDAwMDAwMDAwLCJkZWxldGUiOjEyMDAwMDAwMDAwMDAsInVwZGF0ZSI6MTIwMDAwMDAwMDAwMH19"
        }
      ]
    },
    {
      "mode": "managed",
      "type": "google_project_iam_binding",
      "name": "bigquery_admin_binding",
      "provider": "provider[\"registry.terraform.io/hashicorp/google\"]",
      "instances": [
        {
          "schema_version": 0,
          "attributes": {
            "condition": [],
            "etag": "BwYzunXHasw=",
            "id": "hip-arcadia-457800-b6/roles/bigquery.admin",
            "members": [
              "serviceAccount:airflow-service-account@hip-arcadia-457800-b6.iam.gserviceaccount.com"
            ],
            "project": "hip-arcadia-457800-b6",
            "role": "roles/bigquery.admin"
          },
          "sensitive_attributes": [],
          "private": "bnVsbA==",
          "dependencies": [
            "google_service_account.airflow_service_account"
          ]
        }
      ]
    },
    {
      "mode": "managed",
      "type": "google_project_iam_binding",
      "name": "storage_admin_binding",
      "provider": "provider[\"registry.terraform.io/hashicorp/google\"]",
      "instances": [
        {
          "schema_version": 0,
          "attributes": {
            "condition": [],
            "etag": "BwYzunXHasw=",
            "id": "hip-arcadia-457800-b6/roles/storage.admin",
            "members": [
              "serviceAccount:airflow-service-account@hip-arcadia-457800-b6.iam.gserviceaccount.com"
            ],
            "project": "hip-arcadia-457800-b6",
            "role": "roles/storage.admin"
          },
          "sensitive_attributes": [],
          "private": "bnVsbA==",
          "dependencies": [
            "google_service_account.airflow_service_account"
          ]
        }
      ]
    },
    {
      "mode": "managed",
      "type": "google_service_account",
      "name": "airflow_service_account",
      "provider": "provider[\"registry.terraform.io/hashicorp/google\"]",
      "instances": [
        {
          "schema_version": 0,
          "attributes": {
            "account_id": "airflow-service-account",
            "create_ignore_already_exists": null,
            "description": "",
            "disabled": false,
            "display_name": "Airflow Service Account",
            "email": "airflow-service-account@hip-arcadia-457800-b6.iam.gserviceaccount.com",
            "id": "projects/hip-arcadia-457800-b6/serviceAccounts/airflow-service-account@hip-arcadia-457800-b6.iam.gserviceaccount.com",
            "member": "serviceAccount:airflow-service-account@hip-arcadia-457800-b6.iam.gserviceaccount.com",
            "name": "projects/hip-arcadia-457800-b6/serviceAccounts/airflow-service-account@hip-arcadia-457800-b6.iam.gserviceaccount.com",
            "project": "hip-arcadia-457800-b6",
            "timeouts": null,
            "unique_id": "110415848443831384562"
          },
          "sensitive_attributes": [],
          "private": "eyJlMmJmYjczMC1lY2FhLTExZTYtOGY4OC0zNDM2M2JjN2M0YzAiOnsiY3JlYXRlIjozMDAwMDAwMDAwMDB9fQ=="
        }
      ]
    },
    {
      "mode": "managed",
      "type": "google_storage_bucket",
      "name": "data_lake_bucket",
      "provider": "provider[\"registry.terraform.io/hashicorp/google\"]",
      "instances": [
        {
          "schema_version": 3,
          "attributes": {
            "autoclass": [],
            "cors": [],
            "custom_placement_config": [],
            "default_event_based_hold": false,
            "effective_labels": {
              "goog-terraform-provisioned": "true"
            },
            "enable_object_retention": false,
            "encryption": [],
            "force_destroy": false,
            "hierarchical_namespace": [
              {
                "enabled": false
              }
            ],
            "id": "hip-arcadia-457800-b6_data_lake",
            "labels": null,
            "lifecycle_rule": [
              {
                "action": [
                  {
                    "storage_class": "",
                    "type": "Delete"
                  }
                ],
                "condition": [
                  {
                    "age": 30,
                    "created_before": "",
                    "custom_time_before": "",
                    "days_since_custom_time": 0,
                    "days_since_noncurrent_time": 0,
                    "matches_prefix": [],
                    "matches_storage_class": [],
                    "matches_suffix": [],
                    "noncurrent_time_before": "",
                    "num_newer_versions": 0,
                    "send_age_if_zero": false,
                    "send_days_since_custom_time_if_zero": false,
                    "send_days_since_noncurrent_time_if_zero": false,
                    "send_num_newer_versions_if_zero": false,
                    "with_state": "ANY"
                  }
                ]
              }
            ],
            "location": "US-CENTRAL1",
            "logging": [],
            "name": "hip-arcadia-457800-b6_data_lake",
            "project": "hip-arcadia-457800-b6",
            "project_number": 684050295867,
            "public_access_prevention": "inherited",
            "requester_pays": false,
            "retention_policy": [],
            "rpo": null,
            "self_link": "https://www.googleapis.com/storage/v1/b/hip-arcadia-457800-b6_data_lake",
            "soft_delete_policy": [
              {
                "effective_time": "2025-04-27T03:49:38.616Z",
                "retention_duration_seconds": 604800
              }
            ],
            "storage_class": "STANDARD",
            "terraform_labels": {
              "goog-terraform-provisioned": "true"
            },
            "timeouts": null,
            "uniform_bucket_level_access": true,
            "url": "gs://hip-arcadia-457800-b6_data_lake",
            "versioning": [
              {
                "enabled": true
              }
            ],
            "website": []
          },
          "sensitive_attributes": [],
          "private": "eyJlMmJmYjczMC1lY2FhLTExZTYtOGY4OC0zNDM2M2JjN2M0YzAiOnsiY3JlYXRlIjo2MDAwMDAwMDAwMDAsInJlYWQiOjI0MDAwMDAwMDAwMCwidXBkYXRlIjoyNDAwMDAwMDAwMDB9LCJzY2hlbWFfdmVyc2lvbiI6IjMifQ=="
        }
      ]
    }
  ],
  "check_results": null
}
